{
  "name": "WebApiAngularTask",
  "lockfileVersion": 3,
  "requires": true,
  "packages": {
    "": {
      "dependencies": {
        "fluentvalidation-ts": "^2.3.0"
      }
    },
    "node_modules/fluentvalidation-ts": {
      "version": "2.3.0",
      "resolved": "https://registry.npmjs.org/fluentvalidation-ts/-/fluentvalidation-ts-2.3.0.tgz",
      "integrity": "sha512-qRxmgoEjEMv5JVWIffXSC3e8e2UZIJKzmrDo4lIVWZG2zD2kmOkY+2opfXH3uYi9D1jsnZlUe09pApNEN9NGgQ=="
    }
  }
}
