
Microsoft Visual Studio Solution File, Format Version 12.00
# Visual Studio Version 16
VisualStudioVersion = 25.0.1704.4
MinimumVisualStudioVersion = 10.0.40219.1
Project("{FAE04EC0-301F-11D3-BF4B-00C04F79EFBC}") = "Domain", "Domain\Domain.csproj", "{BF86501C-02E0-40E5-A6DB-DF6CD7D8B264}"
EndProject
Project("{FAE04EC0-301F-11D3-BF4B-00C04F79EFBC}") = "Infrastructure", "Infrastructure\Infrastructure.csproj", "{7B3924D4-43B8-4493-AA91-8973B9429771}"
EndProject
Project("{FAE04EC0-301F-11D3-BF4B-00C04F79EFBC}") = "API", "API\API.csproj", "{DD6252DF-3D29-4183-9A25-0C094B46481D}"
EndProject
Global
	GlobalSection(SolutionConfigurationPlatforms) = preSolution
		Debug|Any CPU = Debug|Any CPU
		Release|Any CPU = Release|Any CPU
	EndGlobalSection
	GlobalSection(ProjectConfigurationPlatforms) = postSolution
		{BF86501C-02E0-40E5-A6DB-DF6CD7D8B264}.Debug|Any CPU.ActiveCfg = Debug|Any CPU
		{BF86501C-02E0-40E5-A6DB-DF6CD7D8B264}.Debug|Any CPU.Build.0 = Debug|Any CPU
		{BF86501C-02E0-40E5-A6DB-DF6CD7D8B264}.Release|Any CPU.ActiveCfg = Release|Any CPU
		{BF86501C-02E0-40E5-A6DB-DF6CD7D8B264}.Release|Any CPU.Build.0 = Release|Any CPU
		{7B3924D4-43B8-4493-AA91-8973B9429771}.Debug|Any CPU.ActiveCfg = Debug|Any CPU
		{7B3924D4-43B8-4493-AA91-8973B9429771}.Debug|Any CPU.Build.0 = Debug|Any CPU
		{7B3924D4-43B8-4493-AA91-8973B9429771}.Release|Any CPU.ActiveCfg = Release|Any CPU
		{7B3924D4-43B8-4493-AA91-8973B9429771}.Release|Any CPU.Build.0 = Release|Any CPU
		{DD6252DF-3D29-4183-9A25-0C094B46481D}.Debug|Any CPU.ActiveCfg = Debug|Any CPU
		{DD6252DF-3D29-4183-9A25-0C094B46481D}.Debug|Any CPU.Build.0 = Debug|Any CPU
		{DD6252DF-3D29-4183-9A25-0C094B46481D}.Release|Any CPU.ActiveCfg = Release|Any CPU
		{DD6252DF-3D29-4183-9A25-0C094B46481D}.Release|Any CPU.Build.0 = Release|Any CPU
	EndGlobalSection
	GlobalSection(SolutionProperties) = preSolution
		HideSolutionNode = FALSE
	EndGlobalSection
	GlobalSection(ExtensibilityGlobals) = postSolution
		SolutionGuid = {766402D1-8510-457A-AE33-82279696B6CA}
	EndGlobalSection
EndGlobal
